
Microsoft Visual Studio Solution File, Format Version 12.00
Project("{FAE04EC0-301F-11D3-BF4B-00C04F79EFBC}") = "Presentation.WebApp", "Presentation.WebApp\Presentation.WebApp.csproj", "{6E6FA4F2-EB29-4924-9377-35B80DFFBED2}"
EndProject
Project("{FAE04EC0-301F-11D3-BF4B-00C04F79EFBC}") = "Data", "Data\Data.csproj", "{E817F7CC-9C88-4F69-83C1-97C8EDB2E4CA}"
EndProject
Project("{FAE04EC0-301F-11D3-BF4B-00C04F79EFBC}") = "Business", "Business\Business.csproj", "{713C178A-B3BE-47D4-9AD6-F4860159F983}"
EndProject
Project("{FAE04EC0-301F-11D3-BF4B-00C04F79EFBC}") = "Domain", "Domain\Domain.csproj", "{AE2812C0-E8A8-437E-B8AD-DFCB89320E5A}"
EndProject
Project("{FAE04EC0-301F-11D3-BF4B-00C04F79EFBC}") = "Infrastructure", "Infrastructure\Infrastructure.csproj", "{FA7D182A-AC51-468E-8D83-B86ACF1F26FF}"
EndProject
Global
	GlobalSection(SolutionConfigurationPlatforms) = preSolution
		Debug|Any CPU = Debug|Any CPU
		Release|Any CPU = Release|Any CPU
	EndGlobalSection
	GlobalSection(ProjectConfigurationPlatforms) = postSolution
		{6E6FA4F2-EB29-4924-9377-35B80DFFBED2}.Debug|Any CPU.ActiveCfg = Debug|Any CPU
		{6E6FA4F2-EB29-4924-9377-35B80DFFBED2}.Debug|Any CPU.Build.0 = Debug|Any CPU
		{6E6FA4F2-EB29-4924-9377-35B80DFFBED2}.Release|Any CPU.ActiveCfg = Release|Any CPU
		{6E6FA4F2-EB29-4924-9377-35B80DFFBED2}.Release|Any CPU.Build.0 = Release|Any CPU
		{E817F7CC-9C88-4F69-83C1-97C8EDB2E4CA}.Debug|Any CPU.ActiveCfg = Debug|Any CPU
		{E817F7CC-9C88-4F69-83C1-97C8EDB2E4CA}.Debug|Any CPU.Build.0 = Debug|Any CPU
		{E817F7CC-9C88-4F69-83C1-97C8EDB2E4CA}.Release|Any CPU.ActiveCfg = Release|Any CPU
		{E817F7CC-9C88-4F69-83C1-97C8EDB2E4CA}.Release|Any CPU.Build.0 = Release|Any CPU
		{713C178A-B3BE-47D4-9AD6-F4860159F983}.Debug|Any CPU.ActiveCfg = Debug|Any CPU
		{713C178A-B3BE-47D4-9AD6-F4860159F983}.Debug|Any CPU.Build.0 = Debug|Any CPU
		{713C178A-B3BE-47D4-9AD6-F4860159F983}.Release|Any CPU.ActiveCfg = Release|Any CPU
		{713C178A-B3BE-47D4-9AD6-F4860159F983}.Release|Any CPU.Build.0 = Release|Any CPU
		{AE2812C0-E8A8-437E-B8AD-DFCB89320E5A}.Debug|Any CPU.ActiveCfg = Debug|Any CPU
		{AE2812C0-E8A8-437E-B8AD-DFCB89320E5A}.Debug|Any CPU.Build.0 = Debug|Any CPU
		{AE2812C0-E8A8-437E-B8AD-DFCB89320E5A}.Release|Any CPU.ActiveCfg = Release|Any CPU
		{AE2812C0-E8A8-437E-B8AD-DFCB89320E5A}.Release|Any CPU.Build.0 = Release|Any CPU
		{FA7D182A-AC51-468E-8D83-B86ACF1F26FF}.Debug|Any CPU.ActiveCfg = Debug|Any CPU
		{FA7D182A-AC51-468E-8D83-B86ACF1F26FF}.Debug|Any CPU.Build.0 = Debug|Any CPU
		{FA7D182A-AC51-468E-8D83-B86ACF1F26FF}.Release|Any CPU.ActiveCfg = Release|Any CPU
		{FA7D182A-AC51-468E-8D83-B86ACF1F26FF}.Release|Any CPU.Build.0 = Release|Any CPU
	EndGlobalSection
EndGlobal
