
Microsoft Visual Studio Solution File, Format Version 12.00
Project("{FAE04EC0-301F-11D3-BF4B-00C04F79EFBC}") = "Data", "Data\Data.csproj", "{9D1FA959-69E5-4ED8-BA03-33A5FF10720E}"
EndProject
Project("{FAE04EC0-301F-11D3-BF4B-00C04F79EFBC}") = "Business", "Business\Business.csproj", "{2D9F7E05-A2E5-4581-A137-B797AAF84916}"
EndProject
Project("{FAE04EC0-301F-11D3-BF4B-00C04F79EFBC}") = "Presentation.WebApp", "Presentation.WebApp\Presentation.WebApp.csproj", "{F10032C1-5C03-47F9-810E-C200F858F5FD}"
EndProject
Project("{FAE04EC0-301F-11D3-BF4B-00C04F79EFBC}") = "Business.Tests", "Tests\Business.Tests\Business.Tests.csproj", "{77ECC64E-2417-44F6-A516-509500D9C5D6}"
EndProject
Project("{2150E333-8FDC-42A3-9474-1A3956D46DE8}") = "Tests", "Tests", "{FDDA720E-3603-4620-8184-C5478119B05E}"
EndProject
Project("{FAE04EC0-301F-11D3-BF4B-00C04F79EFBC}") = "Data.Tests", "Tests\Data.Tests\Data.Tests.csproj", "{D7E49A3E-81E2-45CC-A402-9E03D7B91DE9}"
EndProject
Project("{FAE04EC0-301F-11D3-BF4B-00C04F79EFBC}") = "Presentation.WebApp.Tests", "Tests\Presentation.WebApp.Tests\Presentation.WebApp.Tests.csproj", "{79ED3B3B-751C-44F7-8369-4D7AD0DE9C9F}"
EndProject
Global
	GlobalSection(SolutionConfigurationPlatforms) = preSolution
		Debug|Any CPU = Debug|Any CPU
		Release|Any CPU = Release|Any CPU
	EndGlobalSection
	GlobalSection(ProjectConfigurationPlatforms) = postSolution
		{9D1FA959-69E5-4ED8-BA03-33A5FF10720E}.Debug|Any CPU.ActiveCfg = Debug|Any CPU
		{9D1FA959-69E5-4ED8-BA03-33A5FF10720E}.Debug|Any CPU.Build.0 = Debug|Any CPU
		{9D1FA959-69E5-4ED8-BA03-33A5FF10720E}.Release|Any CPU.ActiveCfg = Release|Any CPU
		{9D1FA959-69E5-4ED8-BA03-33A5FF10720E}.Release|Any CPU.Build.0 = Release|Any CPU
		{2D9F7E05-A2E5-4581-A137-B797AAF84916}.Debug|Any CPU.ActiveCfg = Debug|Any CPU
		{2D9F7E05-A2E5-4581-A137-B797AAF84916}.Debug|Any CPU.Build.0 = Debug|Any CPU
		{2D9F7E05-A2E5-4581-A137-B797AAF84916}.Release|Any CPU.ActiveCfg = Release|Any CPU
		{2D9F7E05-A2E5-4581-A137-B797AAF84916}.Release|Any CPU.Build.0 = Release|Any CPU
		{F10032C1-5C03-47F9-810E-C200F858F5FD}.Debug|Any CPU.ActiveCfg = Debug|Any CPU
		{F10032C1-5C03-47F9-810E-C200F858F5FD}.Debug|Any CPU.Build.0 = Debug|Any CPU
		{F10032C1-5C03-47F9-810E-C200F858F5FD}.Release|Any CPU.ActiveCfg = Release|Any CPU
		{F10032C1-5C03-47F9-810E-C200F858F5FD}.Release|Any CPU.Build.0 = Release|Any CPU
		{77ECC64E-2417-44F6-A516-509500D9C5D6}.Debug|Any CPU.ActiveCfg = Debug|Any CPU
		{77ECC64E-2417-44F6-A516-509500D9C5D6}.Debug|Any CPU.Build.0 = Debug|Any CPU
		{77ECC64E-2417-44F6-A516-509500D9C5D6}.Release|Any CPU.ActiveCfg = Release|Any CPU
		{77ECC64E-2417-44F6-A516-509500D9C5D6}.Release|Any CPU.Build.0 = Release|Any CPU
		{D7E49A3E-81E2-45CC-A402-9E03D7B91DE9}.Debug|Any CPU.ActiveCfg = Debug|Any CPU
		{D7E49A3E-81E2-45CC-A402-9E03D7B91DE9}.Debug|Any CPU.Build.0 = Debug|Any CPU
		{D7E49A3E-81E2-45CC-A402-9E03D7B91DE9}.Release|Any CPU.ActiveCfg = Release|Any CPU
		{D7E49A3E-81E2-45CC-A402-9E03D7B91DE9}.Release|Any CPU.Build.0 = Release|Any CPU
		{79ED3B3B-751C-44F7-8369-4D7AD0DE9C9F}.Debug|Any CPU.ActiveCfg = Debug|Any CPU
		{79ED3B3B-751C-44F7-8369-4D7AD0DE9C9F}.Debug|Any CPU.Build.0 = Debug|Any CPU
		{79ED3B3B-751C-44F7-8369-4D7AD0DE9C9F}.Release|Any CPU.ActiveCfg = Release|Any CPU
		{79ED3B3B-751C-44F7-8369-4D7AD0DE9C9F}.Release|Any CPU.Build.0 = Release|Any CPU
	EndGlobalSection
	GlobalSection(NestedProjects) = preSolution
		{77ECC64E-2417-44F6-A516-509500D9C5D6} = {FDDA720E-3603-4620-8184-C5478119B05E}
		{D7E49A3E-81E2-45CC-A402-9E03D7B91DE9} = {FDDA720E-3603-4620-8184-C5478119B05E}
		{79ED3B3B-751C-44F7-8369-4D7AD0DE9C9F} = {FDDA720E-3603-4620-8184-C5478119B05E}
	EndGlobalSection
EndGlobal
